
Microsoft Visual Studio Solution File, Format Version 12.00
# Visual Studio Version 17
VisualStudioVersion = 17.3.32929.385
MinimumVisualStudioVersion = 10.0.40219.1
Project("{8BC9CEB8-8B4A-11D0-8D11-00A0C91BC942}") = "Transform", "transform.vcxproj", "{582A852B-BF0D-4D92-8C48-3334E025B350}"
EndProject
Project("{8BC9CEB8-8B4A-11D0-8D11-00A0C91BC942}") = "freeglut_static", "thirdparty\freeglut\freeglut_static.vcxproj", "{869F901D-9C52-4893-86CC-261E3CA57108}"
EndProject
Project("{8BC9CEB8-8B4A-11D0-8D11-00A0C91BC942}") = "GLee", "thirdparty\GLee\GLee.vcxproj", "{D452BE3F-DEA0-4DD6-A61F-D9B3E5E9EDE1}"
EndProject
Global
	GlobalSection(SolutionConfigurationPlatforms) = preSolution
		Debug|Win32 = Debug|Win32
		Release|Win32 = Release|Win32
	EndGlobalSection
	GlobalSection(ProjectConfigurationPlatforms) = postSolution
		{582A852B-BF0D-4D92-8C48-3334E025B350}.Debug|Win32.ActiveCfg = Debug|Win32
		{582A852B-BF0D-4D92-8C48-3334E025B350}.Debug|Win32.Build.0 = Debug|Win32
		{582A852B-BF0D-4D92-8C48-3334E025B350}.Release|Win32.ActiveCfg = Release|Win32
		{582A852B-BF0D-4D92-8C48-3334E025B350}.Release|Win32.Build.0 = Release|Win32
		{869F901D-9C52-4893-86CC-261E3CA57108}.Debug|Win32.ActiveCfg = Debug|Win32
		{869F901D-9C52-4893-86CC-261E3CA57108}.Debug|Win32.Build.0 = Debug|Win32
		{869F901D-9C52-4893-86CC-261E3CA57108}.Release|Win32.ActiveCfg = Release|Win32
		{869F901D-9C52-4893-86CC-261E3CA57108}.Release|Win32.Build.0 = Release|Win32
		{D452BE3F-DEA0-4DD6-A61F-D9B3E5E9EDE1}.Debug|Win32.ActiveCfg = Debug|Win32
		{D452BE3F-DEA0-4DD6-A61F-D9B3E5E9EDE1}.Debug|Win32.Build.0 = Debug|Win32
		{D452BE3F-DEA0-4DD6-A61F-D9B3E5E9EDE1}.Release|Win32.ActiveCfg = Release|Win32
		{D452BE3F-DEA0-4DD6-A61F-D9B3E5E9EDE1}.Release|Win32.Build.0 = Release|Win32
	EndGlobalSection
	GlobalSection(SolutionProperties) = preSolution
		HideSolutionNode = FALSE
	EndGlobalSection
	GlobalSection(ExtensibilityGlobals) = postSolution
		SolutionGuid = {FEEC4DCE-1FE4-45D8-9C37-5852DBF767D8}
	EndGlobalSection
EndGlobal
