// !$*UTF8*$!
{
	archiveVersion = 1;
	classes = {
	};
	objectVersion = 42;
	objects = {

/* Begin PBXBuildFile section */
		8DD76F6A0486A84900D96B5E /* Transform.1 in CopyFiles */ = {isa = PBXBuildFile; fileRef = C6859E8B029090EE04C91782 /* Transform.1 */; };
		D03CD79C0F4CC39C005631E3 /* transform.cpp in Sources */ = {isa = PBXBuildFile; fileRef = D03CD79B0F4CC39C005631E3 /* transform.cpp */; };
		D03CD7FE0F4CC6B0005631E3 /* OpenGL.framework in Frameworks */ = {isa = PBXBuildFile; fileRef = D03CD7FD0F4CC6B0005631E3 /* OpenGL.framework */; };
		D0C5ECFB0F897E99004BA38B /* GLee.c in Sources */ = {isa = PBXBuildFile; fileRef = D0C5ECF90F897E99004BA38B /* GLee.c */; };
		D0C5ED2C0F897FF3004BA38B /* CoreFoundation.framework in Frameworks */ = {isa = PBXBuildFile; fileRef = D0C5ED2B0F897FF3004BA38B /* CoreFoundation.framework */; };
		D0C5EDF40F898462004BA38B /* GLShader.cpp in Sources */ = {isa = PBXBuildFile; fileRef = D0C5EDE10F898462004BA38B /* GLShader.cpp */; };
		D0C5EDF50F898462004BA38B /* glutApplication.cpp in Sources */ = {isa = PBXBuildFile; fileRef = D0C5EDE30F898462004BA38B /* glutApplication.cpp */; };
		D0C5EDF60F898462004BA38B /* Material.cpp in Sources */ = {isa = PBXBuildFile; fileRef = D0C5EDE50F898462004BA38B /* Material.cpp */; };
		D0C5EDF70F898462004BA38B /* Matrix.cpp in Sources */ = {isa = PBXBuildFile; fileRef = D0C5EDE70F898462004BA38B /* Matrix.cpp */; };
		D0C5EDF80F898462004BA38B /* Model.cpp in Sources */ = {isa = PBXBuildFile; fileRef = D0C5EDE90F898462004BA38B /* Model.cpp */; };
		D0C5EDF90F898462004BA38B /* ObjectPTN.cpp in Sources */ = {isa = PBXBuildFile; fileRef = D0C5EDEB0F898462004BA38B /* ObjectPTN.cpp */; };
		D0C5EDFA0F898462004BA38B /* Vector.cpp in Sources */ = {isa = PBXBuildFile; fileRef = D0C5EDEF0F898462004BA38B /* Vector.cpp */; };
		D0C5EDFB0F898462004BA38B /* World.cpp in Sources */ = {isa = PBXBuildFile; fileRef = D0C5EDF10F898462004BA38B /* World.cpp */; };
		D0D4064E0F4CC7D3002D50E5 /* GLUT.framework in Frameworks */ = {isa = PBXBuildFile; fileRef = D0D4064D0F4CC7D3002D50E5 /* GLUT.framework */; };
/* End PBXBuildFile section */

/* Begin PBXCopyFilesBuildPhase section */
		8DD76F690486A84900D96B5E /* CopyFiles */ = {
			isa = PBXCopyFilesBuildPhase;
			buildActionMask = 8;
			dstPath = /usr/share/man/man1/;
			dstSubfolderSpec = 0;
			files = (
				8DD76F6A0486A84900D96B5E /* Transform.1 in CopyFiles */,
			);
			runOnlyForDeploymentPostprocessing = 1;
		};
/* End PBXCopyFilesBuildPhase section */

/* Begin PBXFileReference section */
		8DD76F6C0486A84900D96B5E /* Transform */ = {isa = PBXFileReference; explicitFileType = "compiled.mach-o.executable"; includeInIndex = 0; path = Transform; sourceTree = BUILT_PRODUCTS_DIR; };
		C6859E8B029090EE04C91782 /* Transform.1 */ = {isa = PBXFileReference; lastKnownFileType = text.man; path = Transform.1; sourceTree = "<group>"; };
		D03CD79B0F4CC39C005631E3 /* transform.cpp */ = {isa = PBXFileReference; fileEncoding = 4; lastKnownFileType = sourcecode.cpp.cpp; path = transform.cpp; sourceTree = "<group>"; };
		D03CD7FD0F4CC6B0005631E3 /* OpenGL.framework */ = {isa = PBXFileReference; lastKnownFileType = wrapper.framework; name = OpenGL.framework; path = System/Library/Frameworks/OpenGL.framework; sourceTree = SDKROOT; };
		D0B3F2580FC57B3F00C2B2F2 /* DrawableModel.h */ = {isa = PBXFileReference; fileEncoding = 4; lastKnownFileType = sourcecode.c.h; name = DrawableModel.h; path = Helpers/DrawableModel.h; sourceTree = "<group>"; };
		D0C5ECF90F897E99004BA38B /* GLee.c */ = {isa = PBXFileReference; fileEncoding = 4; lastKnownFileType = sourcecode.c.c; name = GLee.c; path = thirdparty/GLee/GLee.c; sourceTree = "<group>"; };
		D0C5ECFA0F897E99004BA38B /* GLee.h */ = {isa = PBXFileReference; fileEncoding = 4; lastKnownFileType = sourcecode.c.h; name = GLee.h; path = thirdparty/GLee/GLee.h; sourceTree = "<group>"; };
		D0C5ED2B0F897FF3004BA38B /* CoreFoundation.framework */ = {isa = PBXFileReference; lastKnownFileType = wrapper.framework; name = CoreFoundation.framework; path = System/Library/Frameworks/CoreFoundation.framework; sourceTree = SDKROOT; };
		D0C5EDA90F89841F004BA38B /* diffusecolor.glslf */ = {isa = PBXFileReference; fileEncoding = 4; lastKnownFileType = text; name = diffusecolor.glslf; path = shaders/diffusecolor.glslf; sourceTree = "<group>"; };
		D0C5EDAA0F89841F004BA38B /* diffusecolor.glslv */ = {isa = PBXFileReference; fileEncoding = 4; lastKnownFileType = text; name = diffusecolor.glslv; path = shaders/diffusecolor.glslv; sourceTree = "<group>"; };
		D0C5EDE10F898462004BA38B /* GLShader.cpp */ = {isa = PBXFileReference; fileEncoding = 4; lastKnownFileType = sourcecode.cpp.cpp; name = GLShader.cpp; path = Helpers/GLShader.cpp; sourceTree = "<group>"; };
		D0C5EDE20F898462004BA38B /* GLShader.h */ = {isa = PBXFileReference; fileEncoding = 4; lastKnownFileType = sourcecode.c.h; name = GLShader.h; path = Helpers/GLShader.h; sourceTree = "<group>"; };
		D0C5EDE30F898462004BA38B /* glutApplication.cpp */ = {isa = PBXFileReference; fileEncoding = 4; lastKnownFileType = sourcecode.cpp.cpp; name = glutApplication.cpp; path = Helpers/glutApplication.cpp; sourceTree = "<group>"; };
		D0C5EDE40F898462004BA38B /* glutApplication.h */ = {isa = PBXFileReference; fileEncoding = 4; lastKnownFileType = sourcecode.c.h; name = glutApplication.h; path = Helpers/glutApplication.h; sourceTree = "<group>"; };
		D0C5EDE50F898462004BA38B /* Material.cpp */ = {isa = PBXFileReference; fileEncoding = 4; lastKnownFileType = sourcecode.cpp.cpp; name = Material.cpp; path = Helpers/Material.cpp; sourceTree = "<group>"; };
		D0C5EDE60F898462004BA38B /* Material.h */ = {isa = PBXFileReference; fileEncoding = 4; lastKnownFileType = sourcecode.c.h; name = Material.h; path = Helpers/Material.h; sourceTree = "<group>"; };
		D0C5EDE70F898462004BA38B /* Matrix.cpp */ = {isa = PBXFileReference; fileEncoding = 4; lastKnownFileType = sourcecode.cpp.cpp; name = Matrix.cpp; path = Helpers/Matrix.cpp; sourceTree = "<group>"; };
		D0C5EDE80F898462004BA38B /* Matrix.h */ = {isa = PBXFileReference; fileEncoding = 4; lastKnownFileType = sourcecode.c.h; name = Matrix.h; path = Helpers/Matrix.h; sourceTree = "<group>"; };
		D0C5EDE90F898462004BA38B /* Model.cpp */ = {isa = PBXFileReference; fileEncoding = 4; lastKnownFileType = sourcecode.cpp.cpp; name = Model.cpp; path = Helpers/Model.cpp; sourceTree = "<group>"; };
		D0C5EDEA0F898462004BA38B /* Model.h */ = {isa = PBXFileReference; fileEncoding = 4; lastKnownFileType = sourcecode.c.h; name = Model.h; path = Helpers/Model.h; sourceTree = "<group>"; };
		D0C5EDEB0F898462004BA38B /* ObjectPTN.cpp */ = {isa = PBXFileReference; fileEncoding = 4; lastKnownFileType = sourcecode.cpp.cpp; name = ObjectPTN.cpp; path = Helpers/ObjectPTN.cpp; sourceTree = "<group>"; };
		D0C5EDEC0F898462004BA38B /* ObjectPTN.h */ = {isa = PBXFileReference; fileEncoding = 4; lastKnownFileType = sourcecode.c.h; name = ObjectPTN.h; path = Helpers/ObjectPTN.h; sourceTree = "<group>"; };
		D0C5EDED0F898462004BA38B /* opengl.h */ = {isa = PBXFileReference; fileEncoding = 4; lastKnownFileType = sourcecode.c.h; name = opengl.h; path = Helpers/opengl.h; sourceTree = "<group>"; };
		D0C5EDEE0F898462004BA38B /* Quaternion.h */ = {isa = PBXFileReference; fileEncoding = 4; lastKnownFileType = sourcecode.c.h; name = Quaternion.h; path = Helpers/Quaternion.h; sourceTree = "<group>"; };
		D0C5EDEF0F898462004BA38B /* Vector.cpp */ = {isa = PBXFileReference; fileEncoding = 4; lastKnownFileType = sourcecode.cpp.cpp; name = Vector.cpp; path = Helpers/Vector.cpp; sourceTree = "<group>"; };
		D0C5EDF00F898462004BA38B /* Vector.h */ = {isa = PBXFileReference; fileEncoding = 4; lastKnownFileType = sourcecode.c.h; name = Vector.h; path = Helpers/Vector.h; sourceTree = "<group>"; };
		D0C5EDF10F898462004BA38B /* World.cpp */ = {isa = PBXFileReference; fileEncoding = 4; lastKnownFileType = sourcecode.cpp.cpp; name = World.cpp; path = Helpers/World.cpp; sourceTree = "<group>"; };
		D0C5EDF20F898462004BA38B /* World.h */ = {isa = PBXFileReference; fileEncoding = 4; lastKnownFileType = sourcecode.c.h; name = World.h; path = Helpers/World.h; sourceTree = "<group>"; };
		D0D4064D0F4CC7D3002D50E5 /* GLUT.framework */ = {isa = PBXFileReference; lastKnownFileType = wrapper.framework; name = GLUT.framework; path = System/Library/Frameworks/GLUT.framework; sourceTree = SDKROOT; };
/* End PBXFileReference section */

/* Begin PBXFrameworksBuildPhase section */
		8DD76F660486A84900D96B5E /* Frameworks */ = {
			isa = PBXFrameworksBuildPhase;
			buildActionMask = 2147483647;
			files = (
				D03CD7FE0F4CC6B0005631E3 /* OpenGL.framework in Frameworks */,
				D0D4064E0F4CC7D3002D50E5 /* GLUT.framework in Frameworks */,
				D0C5ED2C0F897FF3004BA38B /* CoreFoundation.framework in Frameworks */,
			);
			runOnlyForDeploymentPostprocessing = 0;
		};
/* End PBXFrameworksBuildPhase section */

/* Begin PBXGroup section */
		08FB7794FE84155DC02AAC07 /* Transform */ = {
			isa = PBXGroup;
			children = (
				D0C5ED2B0F897FF3004BA38B /* CoreFoundation.framework */,
				D0D4064D0F4CC7D3002D50E5 /* GLUT.framework */,
				D03CD7FD0F4CC6B0005631E3 /* OpenGL.framework */,
				08FB7795FE84155DC02AAC07 /* Source */,
				C6859E8C029090F304C91782 /* Documentation */,
				1AB674ADFE9D54B511CA2CBB /* Products */,
			);
			name = Transform;
			sourceTree = "<group>";
		};
		08FB7795FE84155DC02AAC07 /* Source */ = {
			isa = PBXGroup;
			children = (
				D0A5E1BA0FA7A08500EB3D34 /* GLee */,
				D0A5E1B80FA7A06700EB3D34 /* Helpers */,
				D0A5E1BB0FA7A08B00EB3D34 /* Shaders */,
				D03CD79B0F4CC39C005631E3 /* transform.cpp */,
			);
			name = Source;
			sourceTree = "<group>";
		};
		1AB674ADFE9D54B511CA2CBB /* Products */ = {
			isa = PBXGroup;
			children = (
				8DD76F6C0486A84900D96B5E /* Transform */,
			);
			name = Products;
			sourceTree = "<group>";
		};
		C6859E8C029090F304C91782 /* Documentation */ = {
			isa = PBXGroup;
			children = (
				C6859E8B029090EE04C91782 /* Transform.1 */,
			);
			name = Documentation;
			sourceTree = "<group>";
		};
		D0A5E1B80FA7A06700EB3D34 /* Helpers */ = {
			isa = PBXGroup;
			children = (
				D0B3F2580FC57B3F00C2B2F2 /* DrawableModel.h */,
				D0C5EDE10F898462004BA38B /* GLShader.cpp */,
				D0C5EDE20F898462004BA38B /* GLShader.h */,
				D0C5EDE30F898462004BA38B /* glutApplication.cpp */,
				D0C5EDE40F898462004BA38B /* glutApplication.h */,
				D0C5EDE50F898462004BA38B /* Material.cpp */,
				D0C5EDE60F898462004BA38B /* Material.h */,
				D0C5EDE70F898462004BA38B /* Matrix.cpp */,
				D0C5EDE80F898462004BA38B /* Matrix.h */,
				D0C5EDE90F898462004BA38B /* Model.cpp */,
				D0C5EDEA0F898462004BA38B /* Model.h */,
				D0C5EDEB0F898462004BA38B /* ObjectPTN.cpp */,
				D0C5EDEC0F898462004BA38B /* ObjectPTN.h */,
				D0C5EDED0F898462004BA38B /* opengl.h */,
				D0C5EDEE0F898462004BA38B /* Quaternion.h */,
				D0C5EDEF0F898462004BA38B /* Vector.cpp */,
				D0C5EDF00F898462004BA38B /* Vector.h */,
				D0C5EDF10F898462004BA38B /* World.cpp */,
				D0C5EDF20F898462004BA38B /* World.h */,
			);
			name = Helpers;
			sourceTree = "<group>";
		};
		D0A5E1BA0FA7A08500EB3D34 /* GLee */ = {
			isa = PBXGroup;
			children = (
				D0C5ECF90F897E99004BA38B /* GLee.c */,
				D0C5ECFA0F897E99004BA38B /* GLee.h */,
			);
			name = GLee;
			sourceTree = "<group>";
		};
		D0A5E1BB0FA7A08B00EB3D34 /* Shaders */ = {
			isa = PBXGroup;
			children = (
				D0C5EDA90F89841F004BA38B /* diffusecolor.glslf */,
				D0C5EDAA0F89841F004BA38B /* diffusecolor.glslv */,
			);
			name = Shaders;
			sourceTree = "<group>";
		};
/* End PBXGroup section */

/* Begin PBXNativeTarget section */
		8DD76F620486A84900D96B5E /* Transform */ = {
			isa = PBXNativeTarget;
			buildConfigurationList = 1DEB923108733DC60010E9CD /* Build configuration list for PBXNativeTarget "Transform" */;
			buildPhases = (
				8DD76F640486A84900D96B5E /* Sources */,
				8DD76F660486A84900D96B5E /* Frameworks */,
				8DD76F690486A84900D96B5E /* CopyFiles */,
			);
			buildRules = (
			);
			dependencies = (
			);
			name = Transform;
			productInstallPath = "$(HOME)/bin";
			productName = Transform;
			productReference = 8DD76F6C0486A84900D96B5E /* Transform */;
			productType = "com.apple.product-type.tool";
		};
/* End PBXNativeTarget section */

/* Begin PBXProject section */
		08FB7793FE84155DC02AAC07 /* Project object */ = {
			isa = PBXProject;
			buildConfigurationList = 1DEB923508733DC60010E9CD /* Build configuration list for PBXProject "Transform" */;
			compatibilityVersion = "Xcode 2.4";
			hasScannedForEncodings = 1;
			mainGroup = 08FB7794FE84155DC02AAC07 /* Transform */;
			projectDirPath = "";
			projectRoot = "";
			targets = (
				8DD76F620486A84900D96B5E /* Transform */,
			);
		};
/* End PBXProject section */

/* Begin PBXSourcesBuildPhase section */
		8DD76F640486A84900D96B5E /* Sources */ = {
			isa = PBXSourcesBuildPhase;
			buildActionMask = 2147483647;
			files = (
				D03CD79C0F4CC39C005631E3 /* transform.cpp in Sources */,
				D0C5ECFB0F897E99004BA38B /* GLee.c in Sources */,
				D0C5EDF40F898462004BA38B /* GLShader.cpp in Sources */,
				D0C5EDF50F898462004BA38B /* glutApplication.cpp in Sources */,
				D0C5EDF60F898462004BA38B /* Material.cpp in Sources */,
				D0C5EDF70F898462004BA38B /* Matrix.cpp in Sources */,
				D0C5EDF80F898462004BA38B /* Model.cpp in Sources */,
				D0C5EDF90F898462004BA38B /* ObjectPTN.cpp in Sources */,
				D0C5EDFA0F898462004BA38B /* Vector.cpp in Sources */,
				D0C5EDFB0F898462004BA38B /* World.cpp in Sources */,
			);
			runOnlyForDeploymentPostprocessing = 0;
		};
/* End PBXSourcesBuildPhase section */

/* Begin XCBuildConfiguration section */
		1DEB923208733DC60010E9CD /* Debug */ = {
			isa = XCBuildConfiguration;
			buildSettings = {
				ALWAYS_SEARCH_USER_PATHS = NO;
				COPY_PHASE_STRIP = NO;
				GCC_DYNAMIC_NO_PIC = NO;
				GCC_ENABLE_FIX_AND_CONTINUE = YES;
				GCC_MODEL_TUNING = G5;
				GCC_OPTIMIZATION_LEVEL = 0;
				GCC_PREPROCESSOR_DEFINITIONS = (
					"_GLIBCXX_DEBUG=1",
					"_GLIBCXX_DEBUG_PEDANTIC=1",
				);
				INSTALL_PATH = /usr/local/bin;
				LIBRARY_SEARCH_PATHS = (
					"$(inherited)",
					/opt/local/lib,
				);
				PRODUCT_NAME = Transform;
			};
			name = Debug;
		};
		1DEB923308733DC60010E9CD /* Release */ = {
			isa = XCBuildConfiguration;
			buildSettings = {
				ALWAYS_SEARCH_USER_PATHS = NO;
				DEBUG_INFORMATION_FORMAT = "dwarf-with-dsym";
				GCC_MODEL_TUNING = G5;
				INSTALL_PATH = /usr/local/bin;
				LIBRARY_SEARCH_PATHS = (
					"$(inherited)",
					/opt/local/lib,
				);
				PRODUCT_NAME = Transform;
			};
			name = Release;
		};
		1DEB923608733DC60010E9CD /* Debug */ = {
			isa = XCBuildConfiguration;
			buildSettings = {
				ARCHS = "$(ONLY_ACTIVE_ARCH_PRE_XCODE_3_1)";
				DEPLOYMENT_LOCATION = NO;
				GCC_C_LANGUAGE_STANDARD = c99;
				GCC_OPTIMIZATION_LEVEL = 0;
				GCC_WARN_ABOUT_RETURN_TYPE = YES;
				GCC_WARN_UNUSED_VARIABLE = YES;
				HEADER_SEARCH_PATHS = (
					thirdparty/GLee,
					/opt/local/include,
				);
				ONLY_ACTIVE_ARCH_PRE_XCODE_3_1 = "$(NATIVE_ARCH)";
				PREBINDING = NO;
				SDKROOT = /Developer/SDKs/MacOSX10.5.sdk;
			};
			name = Debug;
		};
		1DEB923708733DC60010E9CD /* Release */ = {
			isa = XCBuildConfiguration;
			buildSettings = {
				ARCHS = "$(ONLY_ACTIVE_ARCH_PRE_XCODE_3_1)";
				DEPLOYMENT_LOCATION = NO;
				GCC_C_LANGUAGE_STANDARD = c99;
				GCC_WARN_ABOUT_RETURN_TYPE = YES;
				GCC_WARN_UNUSED_VARIABLE = YES;
				HEADER_SEARCH_PATHS = (
					thirdparty/GLee,
					/opt/local/include,
				);
				ONLY_ACTIVE_ARCH_PRE_XCODE_3_1 = "$(NATIVE_ARCH)";
				PREBINDING = NO;
				SDKROOT = /Developer/SDKs/MacOSX10.5.sdk;
			};
			name = Release;
		};
/* End XCBuildConfiguration section */

/* Begin XCConfigurationList section */
		1DEB923108733DC60010E9CD /* Build configuration list for PBXNativeTarget "Transform" */ = {
			isa = XCConfigurationList;
			buildConfigurations = (
				1DEB923208733DC60010E9CD /* Debug */,
				1DEB923308733DC60010E9CD /* Release */,
			);
			defaultConfigurationIsVisible = 0;
			defaultConfigurationName = Release;
		};
		1DEB923508733DC60010E9CD /* Build configuration list for PBXProject "Transform" */ = {
			isa = XCConfigurationList;
			buildConfigurations = (
				1DEB923608733DC60010E9CD /* Debug */,
				1DEB923708733DC60010E9CD /* Release */,
			);
			defaultConfigurationIsVisible = 0;
			defaultConfigurationName = Release;
		};
/* End XCConfigurationList section */
	};
	rootObject = 08FB7793FE84155DC02AAC07 /* Project object */;
}
